
Microsoft Visual Studio Solution File, Format Version 12.00
# Visual Studio 15
VisualStudioVersion = 15.0.27428.2015
MinimumVisualStudioVersion = 10.0.40219.1
Project("{FAE04EC0-301F-11D3-BF4B-00C04F79EFBC}") = "ZeroMatrix_MxN", "ZeroMatrix_MxN.csproj", "{75769FD9-22CA-46CC-BB8A-086F94015F6C}"
EndProject
Global
	GlobalSection(SolutionConfigurationPlatforms) = preSolution
		Debug|Any CPU = Debug|Any CPU
		Release|Any CPU = Release|Any CPU
	EndGlobalSection
	GlobalSection(ProjectConfigurationPlatforms) = postSolution
		{75769FD9-22CA-46CC-BB8A-086F94015F6C}.Debug|Any CPU.ActiveCfg = Debug|Any CPU
		{75769FD9-22CA-46CC-BB8A-086F94015F6C}.Debug|Any CPU.Build.0 = Debug|Any CPU
		{75769FD9-22CA-46CC-BB8A-086F94015F6C}.Release|Any CPU.ActiveCfg = Release|Any CPU
		{75769FD9-22CA-46CC-BB8A-086F94015F6C}.Release|Any CPU.Build.0 = Release|Any CPU
	EndGlobalSection
	GlobalSection(SolutionProperties) = preSolution
		HideSolutionNode = FALSE
	EndGlobalSection
	GlobalSection(ExtensibilityGlobals) = postSolution
		SolutionGuid = {CBB83ACB-E185-4E5C-866B-FD24BCBE568E}
	EndGlobalSection
EndGlobal
