
Microsoft Visual Studio Solution File, Format Version 12.00
# Visual Studio 15
VisualStudioVersion = 15.0.27428.2015
MinimumVisualStudioVersion = 10.0.40219.1
Project("{FAE04EC0-301F-11D3-BF4B-00C04F79EFBC}") = "URLification", "URLification\URLification.csproj", "{BA828273-3DF8-4489-A00F-9C891C5E8A4E}"
EndProject
Global
	GlobalSection(SolutionConfigurationPlatforms) = preSolution
		Debug|Any CPU = Debug|Any CPU
		Release|Any CPU = Release|Any CPU
	EndGlobalSection
	GlobalSection(ProjectConfigurationPlatforms) = postSolution
		{BA828273-3DF8-4489-A00F-9C891C5E8A4E}.Debug|Any CPU.ActiveCfg = Debug|Any CPU
		{BA828273-3DF8-4489-A00F-9C891C5E8A4E}.Debug|Any CPU.Build.0 = Debug|Any CPU
		{BA828273-3DF8-4489-A00F-9C891C5E8A4E}.Release|Any CPU.ActiveCfg = Release|Any CPU
		{BA828273-3DF8-4489-A00F-9C891C5E8A4E}.Release|Any CPU.Build.0 = Release|Any CPU
	EndGlobalSection
	GlobalSection(SolutionProperties) = preSolution
		HideSolutionNode = FALSE
	EndGlobalSection
	GlobalSection(ExtensibilityGlobals) = postSolution
		SolutionGuid = {4448C64F-A7C7-4CC1-B17A-9D1F55C49C97}
	EndGlobalSection
EndGlobal
