
Microsoft Visual Studio Solution File, Format Version 12.00
# Visual Studio 15
VisualStudioVersion = 15.0.27428.2015
MinimumVisualStudioVersion = 10.0.40219.1
Project("{FAE04EC0-301F-11D3-BF4B-00C04F79EFBC}") = "OneEdit", "OneEdit\OneEdit.csproj", "{DDE6E83F-810C-4F63-8CBC-EC8C0FF73A2E}"
EndProject
Global
	GlobalSection(SolutionConfigurationPlatforms) = preSolution
		Debug|Any CPU = Debug|Any CPU
		Release|Any CPU = Release|Any CPU
	EndGlobalSection
	GlobalSection(ProjectConfigurationPlatforms) = postSolution
		{DDE6E83F-810C-4F63-8CBC-EC8C0FF73A2E}.Debug|Any CPU.ActiveCfg = Debug|Any CPU
		{DDE6E83F-810C-4F63-8CBC-EC8C0FF73A2E}.Debug|Any CPU.Build.0 = Debug|Any CPU
		{DDE6E83F-810C-4F63-8CBC-EC8C0FF73A2E}.Release|Any CPU.ActiveCfg = Release|Any CPU
		{DDE6E83F-810C-4F63-8CBC-EC8C0FF73A2E}.Release|Any CPU.Build.0 = Release|Any CPU
	EndGlobalSection
	GlobalSection(SolutionProperties) = preSolution
		HideSolutionNode = FALSE
	EndGlobalSection
	GlobalSection(ExtensibilityGlobals) = postSolution
		SolutionGuid = {05F79344-FA24-4D4C-8B65-E3A5F257B481}
	EndGlobalSection
EndGlobal
