
Microsoft Visual Studio Solution File, Format Version 12.00
# Visual Studio 15
VisualStudioVersion = 15.0.27428.2015
MinimumVisualStudioVersion = 10.0.40219.1
Project("{FAE04EC0-301F-11D3-BF4B-00C04F79EFBC}") = "LL_add_2_numbners", "LL_add_2_numbners.csproj", "{67F280F5-574F-493B-86C1-D194801D5E31}"
EndProject
Global
	GlobalSection(SolutionConfigurationPlatforms) = preSolution
		Debug|Any CPU = Debug|Any CPU
		Release|Any CPU = Release|Any CPU
	EndGlobalSection
	GlobalSection(ProjectConfigurationPlatforms) = postSolution
		{67F280F5-574F-493B-86C1-D194801D5E31}.Debug|Any CPU.ActiveCfg = Debug|Any CPU
		{67F280F5-574F-493B-86C1-D194801D5E31}.Debug|Any CPU.Build.0 = Debug|Any CPU
		{67F280F5-574F-493B-86C1-D194801D5E31}.Release|Any CPU.ActiveCfg = Release|Any CPU
		{67F280F5-574F-493B-86C1-D194801D5E31}.Release|Any CPU.Build.0 = Release|Any CPU
	EndGlobalSection
	GlobalSection(SolutionProperties) = preSolution
		HideSolutionNode = FALSE
	EndGlobalSection
	GlobalSection(ExtensibilityGlobals) = postSolution
		SolutionGuid = {02A45FD6-32CA-48C3-8982-CDCBA7EABDE3}
	EndGlobalSection
EndGlobal
